
Microsoft Visual Studio Solution File, Format Version 12.00
# Visual Studio Version 16
VisualStudioVersion = 16.0.29709.97
MinimumVisualStudioVersion = 10.0.40219.1
Project("{2150E333-8FDC-42A3-9474-1A3956D46DE8}") = "Services", "Services", "{4570C04C-C370-47B4-B90B-25AE9F2AC1DA}"
EndProject
Project("{2150E333-8FDC-42A3-9474-1A3956D46DE8}") = "User", "User", "{873C54A5-ED4F-4528-AEF7-1B0AD1FDFDAB}"
EndProject
Project("{9A19103F-16F7-4668-BE54-9A1E7A4F7556}") = "UserService.Api", "Services\User\UserService.Api\UserService.Api.csproj", "{7A9994F2-6AD7-428E-A2DF-F5B02D58165F}"
EndProject
Project("{9A19103F-16F7-4668-BE54-9A1E7A4F7556}") = "UserService.Repository", "Services\User\UserService.Repository\UserService.Repository.csproj", "{19DDB7ED-DCD1-4D7E-9CAB-62FD8F0A1F2F}"
EndProject
Project("{9A19103F-16F7-4668-BE54-9A1E7A4F7556}") = "UserService.Core", "Services\User\UserService.Core\UserService.Core.csproj", "{40F77921-AE46-468C-B579-7F17E307987C}"
EndProject
Project("{9A19103F-16F7-4668-BE54-9A1E7A4F7556}") = "UserService.Domain", "Services\User\UserService.Domain\UserService.Domain.csproj", "{C14D4B09-BBBF-45AB-9E69-9D8C97ECEF35}"
EndProject
Project("{2150E333-8FDC-42A3-9474-1A3956D46DE8}") = "Foundation", "Foundation", "{9E86F1E9-7D0A-401B-A7D1-70FA404FBC99}"
EndProject
Project("{9A19103F-16F7-4668-BE54-9A1E7A4F7556}") = "Foundation.Core", "Foundation\Foundation.Core\Foundation.Core.csproj", "{54086DF6-35A2-42A9-9B99-3402809C8E6F}"
EndProject
Project("{FAE04EC0-301F-11D3-BF4B-00C04F79EFBC}") = "Foundation.Api", "Foundation\Foundation.Api\Foundation.Api.csproj", "{7B2D306A-DF83-417D-B030-4D4C9A9C0EB0}"
EndProject
Global
	GlobalSection(SolutionConfigurationPlatforms) = preSolution
		Debug|Any CPU = Debug|Any CPU
		Release|Any CPU = Release|Any CPU
	EndGlobalSection
	GlobalSection(ProjectConfigurationPlatforms) = postSolution
		{7A9994F2-6AD7-428E-A2DF-F5B02D58165F}.Debug|Any CPU.ActiveCfg = Debug|Any CPU
		{7A9994F2-6AD7-428E-A2DF-F5B02D58165F}.Debug|Any CPU.Build.0 = Debug|Any CPU
		{7A9994F2-6AD7-428E-A2DF-F5B02D58165F}.Release|Any CPU.ActiveCfg = Release|Any CPU
		{7A9994F2-6AD7-428E-A2DF-F5B02D58165F}.Release|Any CPU.Build.0 = Release|Any CPU
		{19DDB7ED-DCD1-4D7E-9CAB-62FD8F0A1F2F}.Debug|Any CPU.ActiveCfg = Debug|Any CPU
		{19DDB7ED-DCD1-4D7E-9CAB-62FD8F0A1F2F}.Debug|Any CPU.Build.0 = Debug|Any CPU
		{19DDB7ED-DCD1-4D7E-9CAB-62FD8F0A1F2F}.Release|Any CPU.ActiveCfg = Release|Any CPU
		{19DDB7ED-DCD1-4D7E-9CAB-62FD8F0A1F2F}.Release|Any CPU.Build.0 = Release|Any CPU
		{40F77921-AE46-468C-B579-7F17E307987C}.Debug|Any CPU.ActiveCfg = Debug|Any CPU
		{40F77921-AE46-468C-B579-7F17E307987C}.Debug|Any CPU.Build.0 = Debug|Any CPU
		{40F77921-AE46-468C-B579-7F17E307987C}.Release|Any CPU.ActiveCfg = Release|Any CPU
		{40F77921-AE46-468C-B579-7F17E307987C}.Release|Any CPU.Build.0 = Release|Any CPU
		{C14D4B09-BBBF-45AB-9E69-9D8C97ECEF35}.Debug|Any CPU.ActiveCfg = Debug|Any CPU
		{C14D4B09-BBBF-45AB-9E69-9D8C97ECEF35}.Debug|Any CPU.Build.0 = Debug|Any CPU
		{C14D4B09-BBBF-45AB-9E69-9D8C97ECEF35}.Release|Any CPU.ActiveCfg = Release|Any CPU
		{C14D4B09-BBBF-45AB-9E69-9D8C97ECEF35}.Release|Any CPU.Build.0 = Release|Any CPU
		{54086DF6-35A2-42A9-9B99-3402809C8E6F}.Debug|Any CPU.ActiveCfg = Debug|Any CPU
		{54086DF6-35A2-42A9-9B99-3402809C8E6F}.Debug|Any CPU.Build.0 = Debug|Any CPU
		{54086DF6-35A2-42A9-9B99-3402809C8E6F}.Release|Any CPU.ActiveCfg = Release|Any CPU
		{54086DF6-35A2-42A9-9B99-3402809C8E6F}.Release|Any CPU.Build.0 = Release|Any CPU
		{7B2D306A-DF83-417D-B030-4D4C9A9C0EB0}.Debug|Any CPU.ActiveCfg = Debug|Any CPU
		{7B2D306A-DF83-417D-B030-4D4C9A9C0EB0}.Debug|Any CPU.Build.0 = Debug|Any CPU
		{7B2D306A-DF83-417D-B030-4D4C9A9C0EB0}.Release|Any CPU.ActiveCfg = Release|Any CPU
		{7B2D306A-DF83-417D-B030-4D4C9A9C0EB0}.Release|Any CPU.Build.0 = Release|Any CPU
	EndGlobalSection
	GlobalSection(SolutionProperties) = preSolution
		HideSolutionNode = FALSE
	EndGlobalSection
	GlobalSection(NestedProjects) = preSolution
		{873C54A5-ED4F-4528-AEF7-1B0AD1FDFDAB} = {4570C04C-C370-47B4-B90B-25AE9F2AC1DA}
		{7A9994F2-6AD7-428E-A2DF-F5B02D58165F} = {873C54A5-ED4F-4528-AEF7-1B0AD1FDFDAB}
		{19DDB7ED-DCD1-4D7E-9CAB-62FD8F0A1F2F} = {873C54A5-ED4F-4528-AEF7-1B0AD1FDFDAB}
		{40F77921-AE46-468C-B579-7F17E307987C} = {873C54A5-ED4F-4528-AEF7-1B0AD1FDFDAB}
		{C14D4B09-BBBF-45AB-9E69-9D8C97ECEF35} = {873C54A5-ED4F-4528-AEF7-1B0AD1FDFDAB}
		{54086DF6-35A2-42A9-9B99-3402809C8E6F} = {9E86F1E9-7D0A-401B-A7D1-70FA404FBC99}
		{7B2D306A-DF83-417D-B030-4D4C9A9C0EB0} = {9E86F1E9-7D0A-401B-A7D1-70FA404FBC99}
	EndGlobalSection
	GlobalSection(ExtensibilityGlobals) = postSolution
		SolutionGuid = {0E200FB2-C046-4551-B5CD-CAB67D2E5772}
	EndGlobalSection
EndGlobal
